
Microsoft Visual Studio Solution File, Format Version 12.00
# Visual Studio 15
VisualStudioVersion = 15.0.28010.2003
MinimumVisualStudioVersion = 10.0.40219.1
Project("{9A19103F-16F7-4668-BE54-9A1E7A4F7556}") = "VetSystem", "VetSystem\VetSystem.csproj", "{532A181D-F61F-4CCC-A8D2-0CAA0AC7C0CF}"
EndProject
Project("{FAE04EC0-301F-11D3-BF4B-00C04F79EFBC}") = "VetSystem.DBO", "VetSystem.DBO\VetSystem.DBO.csproj", "{450C7802-E61B-47A9-8928-89B49ED89D9F}"
EndProject
Global
	GlobalSection(SolutionConfigurationPlatforms) = preSolution
		Debug|Any CPU = Debug|Any CPU
		Debug|ARM = Debug|ARM
		Debug|x64 = Debug|x64
		Debug|x86 = Debug|x86
		Release|Any CPU = Release|Any CPU
		Release|ARM = Release|ARM
		Release|x64 = Release|x64
		Release|x86 = Release|x86
	EndGlobalSection
	GlobalSection(ProjectConfigurationPlatforms) = postSolution
		{532A181D-F61F-4CCC-A8D2-0CAA0AC7C0CF}.Debug|Any CPU.ActiveCfg = Debug|Any CPU
		{532A181D-F61F-4CCC-A8D2-0CAA0AC7C0CF}.Debug|Any CPU.Build.0 = Debug|Any CPU
		{532A181D-F61F-4CCC-A8D2-0CAA0AC7C0CF}.Debug|ARM.ActiveCfg = Debug|Any CPU
		{532A181D-F61F-4CCC-A8D2-0CAA0AC7C0CF}.Debug|ARM.Build.0 = Debug|Any CPU
		{532A181D-F61F-4CCC-A8D2-0CAA0AC7C0CF}.Debug|x64.ActiveCfg = Debug|Any CPU
		{532A181D-F61F-4CCC-A8D2-0CAA0AC7C0CF}.Debug|x64.Build.0 = Debug|Any CPU
		{532A181D-F61F-4CCC-A8D2-0CAA0AC7C0CF}.Debug|x86.ActiveCfg = Debug|Any CPU
		{532A181D-F61F-4CCC-A8D2-0CAA0AC7C0CF}.Debug|x86.Build.0 = Debug|Any CPU
		{532A181D-F61F-4CCC-A8D2-0CAA0AC7C0CF}.Release|Any CPU.ActiveCfg = Release|Any CPU
		{532A181D-F61F-4CCC-A8D2-0CAA0AC7C0CF}.Release|Any CPU.Build.0 = Release|Any CPU
		{532A181D-F61F-4CCC-A8D2-0CAA0AC7C0CF}.Release|ARM.ActiveCfg = Release|Any CPU
		{532A181D-F61F-4CCC-A8D2-0CAA0AC7C0CF}.Release|ARM.Build.0 = Release|Any CPU
		{532A181D-F61F-4CCC-A8D2-0CAA0AC7C0CF}.Release|x64.ActiveCfg = Release|Any CPU
		{532A181D-F61F-4CCC-A8D2-0CAA0AC7C0CF}.Release|x64.Build.0 = Release|Any CPU
		{532A181D-F61F-4CCC-A8D2-0CAA0AC7C0CF}.Release|x86.ActiveCfg = Release|Any CPU
		{532A181D-F61F-4CCC-A8D2-0CAA0AC7C0CF}.Release|x86.Build.0 = Release|Any CPU
		{450C7802-E61B-47A9-8928-89B49ED89D9F}.Debug|Any CPU.ActiveCfg = Debug|Any CPU
		{450C7802-E61B-47A9-8928-89B49ED89D9F}.Debug|Any CPU.Build.0 = Debug|Any CPU
		{450C7802-E61B-47A9-8928-89B49ED89D9F}.Debug|ARM.ActiveCfg = Debug|Any CPU
		{450C7802-E61B-47A9-8928-89B49ED89D9F}.Debug|ARM.Build.0 = Debug|Any CPU
		{450C7802-E61B-47A9-8928-89B49ED89D9F}.Debug|x64.ActiveCfg = Debug|Any CPU
		{450C7802-E61B-47A9-8928-89B49ED89D9F}.Debug|x64.Build.0 = Debug|Any CPU
		{450C7802-E61B-47A9-8928-89B49ED89D9F}.Debug|x86.ActiveCfg = Debug|Any CPU
		{450C7802-E61B-47A9-8928-89B49ED89D9F}.Debug|x86.Build.0 = Debug|Any CPU
		{450C7802-E61B-47A9-8928-89B49ED89D9F}.Release|Any CPU.ActiveCfg = Release|Any CPU
		{450C7802-E61B-47A9-8928-89B49ED89D9F}.Release|Any CPU.Build.0 = Release|Any CPU
		{450C7802-E61B-47A9-8928-89B49ED89D9F}.Release|ARM.ActiveCfg = Release|Any CPU
		{450C7802-E61B-47A9-8928-89B49ED89D9F}.Release|ARM.Build.0 = Release|Any CPU
		{450C7802-E61B-47A9-8928-89B49ED89D9F}.Release|x64.ActiveCfg = Release|Any CPU
		{450C7802-E61B-47A9-8928-89B49ED89D9F}.Release|x64.Build.0 = Release|Any CPU
		{450C7802-E61B-47A9-8928-89B49ED89D9F}.Release|x86.ActiveCfg = Release|Any CPU
		{450C7802-E61B-47A9-8928-89B49ED89D9F}.Release|x86.Build.0 = Release|Any CPU
	EndGlobalSection
	GlobalSection(SolutionProperties) = preSolution
		HideSolutionNode = FALSE
	EndGlobalSection
	GlobalSection(ExtensibilityGlobals) = postSolution
		SolutionGuid = {32A358DD-A75D-4049-828B-21940A0391DC}
	EndGlobalSection
EndGlobal
